
Microsoft Visual Studio Solution File, Format Version 12.00
# Visual Studio Version 17
VisualStudioVersion = 17.2.32630.192
MinimumVisualStudioVersion = 10.0.40219.1
Project("{FAE04EC0-301F-11D3-BF4B-00C04F79EFBC}") = "WPF_Practice1", "WPF_Practice1\WPF_Practice1.csproj", "{EF48D4B9-B558-4C77-80EA-74CA8321EA68}"
EndProject
Global
	GlobalSection(SolutionConfigurationPlatforms) = preSolution
		Debug|Any CPU = Debug|Any CPU
		Release|Any CPU = Release|Any CPU
	EndGlobalSection
	GlobalSection(ProjectConfigurationPlatforms) = postSolution
		{EF48D4B9-B558-4C77-80EA-74CA8321EA68}.Debug|Any CPU.ActiveCfg = Debug|Any CPU
		{EF48D4B9-B558-4C77-80EA-74CA8321EA68}.Debug|Any CPU.Build.0 = Debug|Any CPU
		{EF48D4B9-B558-4C77-80EA-74CA8321EA68}.Release|Any CPU.ActiveCfg = Release|Any CPU
		{EF48D4B9-B558-4C77-80EA-74CA8321EA68}.Release|Any CPU.Build.0 = Release|Any CPU
	EndGlobalSection
	GlobalSection(SolutionProperties) = preSolution
		HideSolutionNode = FALSE
	EndGlobalSection
	GlobalSection(ExtensibilityGlobals) = postSolution
		SolutionGuid = {7C1EF9FC-EEB3-4DBD-A223-B138B3F4618B}
	EndGlobalSection
EndGlobal
